PODS:
  - CMPComapiChat (1.0.0):
    - CMPComapiFoundation
  - CMPComapiFoundation (1.0.0):
    - SocketRocket
  - SocketRocket (0.5.1)

DEPENDENCIES:
  - CMPComapiChat (from `/Users/dominik.kowalski/Documents/comapi-chat-sdk-ios-objc`)
  - CMPComapiFoundation

SPEC REPOS:
  https://github.com/cocoapods/specs.git:
    - CMPComapiFoundation
    - SocketRocket

EXTERNAL SOURCES:
  CMPComapiChat:
    :path: "/Users/dominik.kowalski/Documents/comapi-chat-sdk-ios-objc"

SPEC CHECKSUMS:
  CMPComapiChat: 221646a7235e894447dc33eeeb3c0340e2e3b0d1
  CMPComapiFoundation: 188f69fd19a8dcf3d0d4888e4a15b8b96a293d86
  SocketRocket: d57c7159b83c3c6655745cd15302aa24b6bae531

PODFILE CHECKSUM: cc1765a2ab26fe9c0752e5df482122589984b95a

COCOAPODS: 1.5.3
