PODS:
  - Base64 (1.1.2)
  - CMPComapiChat (1.0.0):
    - CMPComapiFoundation
  - CMPComapiFoundation (1.2.2):
    - SocketRocket
  - JWT (2.2.0):
    - Base64 (~> 1.1.2)
  - SocketRocket (0.5.1)

DEPENDENCIES:
  - CMPComapiChat (from `/Users/dominik.kowalski/Documents/comapi-chat-sdk-ios-objc`)
  - CMPComapiFoundation (from `/Users/dominik.kowalski/Documents/comapi-sdk-ios-objc`)
  - JWT

SPEC REPOS:
  https://github.com/cocoapods/specs.git:
    - Base64
    - JWT
    - SocketRocket

EXTERNAL SOURCES:
  CMPComapiChat:
    :path: "/Users/dominik.kowalski/Documents/comapi-chat-sdk-ios-objc"
  CMPComapiFoundation:
    :path: "/Users/dominik.kowalski/Documents/comapi-sdk-ios-objc"

SPEC CHECKSUMS:
  Base64: cecfb41a004124895a7bcee567a89bae5a89d49b
  CMPComapiChat: 7c5680d1c8858c7e1511b5e5e66f7ed833c7b5fd
  CMPComapiFoundation: 6ff626b9aa1f21e8426d70c0374f141766eaead2
  JWT: cf73c0ab0dac762df3de8a3f1164352089d97780
  SocketRocket: d57c7159b83c3c6655745cd15302aa24b6bae531

PODFILE CHECKSUM: 1278a8d3c1a862c92e260afdb889249901397c1a

COCOAPODS: 1.7.2
