PODS:
  - CMPComapiChat (0.0.1):
    - CMPComapiFoundation
  - CMPComapiFoundation (0.0.1):
    - SocketRocket
  - SocketRocket (0.5.1)

DEPENDENCIES:
  - CMPComapiChat (from `/Users/dominik.kowalski/Documents/comapi-chat-sdk-ios-objc`)
  - CMPComapiFoundation (from `/Users/dominik.kowalski/Documents/comapi-sdk-ios-objc`)

SPEC REPOS:
  https://github.com/cocoapods/specs.git:
    - SocketRocket

EXTERNAL SOURCES:
  CMPComapiChat:
    :path: "/Users/dominik.kowalski/Documents/comapi-chat-sdk-ios-objc"
  CMPComapiFoundation:
    :path: "/Users/dominik.kowalski/Documents/comapi-sdk-ios-objc"

SPEC CHECKSUMS:
  CMPComapiChat: 9227a75cabefbe207a3479e91ff850ed82cced2d
  CMPComapiFoundation: d84cc626f3f4d35163787087f9f545fdba4cd2b3
  SocketRocket: d57c7159b83c3c6655745cd15302aa24b6bae531

PODFILE CHECKSUM: fcfd0dd3293fb0da12360059026f4c15a0ec219a

COCOAPODS: 1.5.3
